
Microsoft Visual Studio Solution File, Format Version 10.00
# Visual Studio 2008
Project("{8BC9CEB8-8B4A-11D0-8D11-00A0C91BC942}") = "sofa-pbrpc", "sofa-pbrpc\sofa-pbrpc.vcproj", "{E13D4BAD-4873-4FE4-AB49-6D9EDD736A3F}"
EndProject
Project("{8BC9CEB8-8B4A-11D0-8D11-00A0C91BC942}") = "snappy", "snappy\snappy.vcproj", "{84B79718-1634-4387-8256-25AE844B6AA8}"
EndProject
Project("{8BC9CEB8-8B4A-11D0-8D11-00A0C91BC942}") = "libprotobuf", "protobuf-2.4.1\libprotobuf.vcproj", "{3E283F37-A4ED-41B7-A3E6-A2D89D131A30}"
EndProject
Project("{8BC9CEB8-8B4A-11D0-8D11-00A0C91BC942}") = "libprotoc", "protobuf-2.4.1\libprotoc.vcproj", "{B84FF31A-5F9A-46F8-AB22-DBFC9BECE3BE}"
EndProject
Project("{8BC9CEB8-8B4A-11D0-8D11-00A0C91BC942}") = "protoc", "protobuf-2.4.1\protoc.vcproj", "{1738D5F6-ED1E-47E0-B2F0-456864B93C1E}"
EndProject
Project("{8BC9CEB8-8B4A-11D0-8D11-00A0C91BC942}") = "pthread", "pthreads\pthread.vcproj", "{44F16E90-7F63-477D-9778-CC3C3AABAA39}"
EndProject
Project("{8BC9CEB8-8B4A-11D0-8D11-00A0C91BC942}") = "zlib", "zlib-1.2.8\zlib.vcproj", "{E0DE20A4-4ECA-44C2-8302-B98CF6708213}"
EndProject
Project("{2150E333-8FDC-42A3-9474-1A3956D46DE8}") = "sample", "sample", "{05C351A0-74C4-4637-8501-7CA3ECF5C7EC}"
EndProject
Project("{8BC9CEB8-8B4A-11D0-8D11-00A0C91BC942}") = "sofa_pbrpc_client", "sofa-pbrpc\sofa_pbrpc_client.vcproj", "{5074A01D-AF0C-40E8-AA45-57E4BF0BF0C9}"
EndProject
Project("{2150E333-8FDC-42A3-9474-1A3956D46DE8}") = "echo", "echo", "{06F5C8F9-1A24-48E8-A3B7-E924A62C4B55}"
EndProject
Project("{8BC9CEB8-8B4A-11D0-8D11-00A0C91BC942}") = "echoserver", "echo\echoserver.vcproj", "{CD9C8E25-26C6-4E55-A39C-BE64129C7868}"
EndProject
Project("{8BC9CEB8-8B4A-11D0-8D11-00A0C91BC942}") = "echoclient", "echo\echoclient.vcproj", "{8C8C1052-E683-49B0-9AF6-F46BBAFC3A63}"
EndProject
Project("{2150E333-8FDC-42A3-9474-1A3956D46DE8}") = "compress_sample", "compress_sample", "{E53D8596-E67E-46D8-A1E0-EADCF95F764A}"
EndProject
Project("{2150E333-8FDC-42A3-9474-1A3956D46DE8}") = "timeout_sample", "timeout_sample", "{07EE3298-7A05-49BF-8ACF-828A3F84AACA}"
EndProject
Project("{2150E333-8FDC-42A3-9474-1A3956D46DE8}") = "multi_server_sample", "multi_server_sample", "{18F57676-07A2-4F94-AEBA-0950CAF52B61}"
EndProject
Project("{2150E333-8FDC-42A3-9474-1A3956D46DE8}") = "mock_sample", "mock_sample", "{E46CEBF2-2D83-4E17-BC2B-AC0C87C6F76E}"
EndProject
Project("{8BC9CEB8-8B4A-11D0-8D11-00A0C91BC942}") = "compressclient", "compress_sample\compressclient.vcproj", "{02B07DC9-4725-48C3-BE48-46FADFA3465F}"
EndProject
Project("{8BC9CEB8-8B4A-11D0-8D11-00A0C91BC942}") = "compressserver", "compress_sample\compressserver.vcproj", "{4E4F77C3-4FB1-4B42-8930-407278436BB0}"
EndProject
Project("{8BC9CEB8-8B4A-11D0-8D11-00A0C91BC942}") = "mock_test", "mock_sample\mock_test.vcproj", "{64EE6174-5B5E-4C5B-965B-D93F4B6F4D04}"
EndProject
Project("{8BC9CEB8-8B4A-11D0-8D11-00A0C91BC942}") = "multiserverclient", "multiserver_sample\multiserverclient.vcproj", "{D344FB66-F85E-470C-8D3D-054C1D898647}"
EndProject
Project("{8BC9CEB8-8B4A-11D0-8D11-00A0C91BC942}") = "multiserverserver", "multiserver_sample\multiserverserver.vcproj", "{327D65DE-312B-44E2-825F-8FF603EB7D8B}"
EndProject
Project("{8BC9CEB8-8B4A-11D0-8D11-00A0C91BC942}") = "timeoutclient", "timeout_sample\timeoutclient.vcproj", "{870A079C-C68F-4C00-89FE-987902883BEA}"
EndProject
Project("{8BC9CEB8-8B4A-11D0-8D11-00A0C91BC942}") = "timeoutserver", "timeout_sample\timeoutserver.vcproj", "{3226DB06-3554-410A-A281-1D9641661314}"
EndProject
Project("{8BC9CEB8-8B4A-11D0-8D11-00A0C91BC942}") = "gtest-md", "gtest\msvc\gtest-md.vcproj", "{C8F6C172-56F2-4E76-B5FA-C3B423B31BE8}"
EndProject
Project("{2150E333-8FDC-42A3-9474-1A3956D46DE8}") = "Other", "Other", "{AB6DEF12-06BA-48E2-9208-4ED7DC2662D4}"
EndProject
Project("{2150E333-8FDC-42A3-9474-1A3956D46DE8}") = "thirdparty", "thirdparty", "{4FD8C397-A85F-4857-9260-3209345C3750}"
EndProject
Global
	GlobalSection(SolutionConfigurationPlatforms) = preSolution
		Debug|Win32 = Debug|Win32
		Release|Win32 = Release|Win32
	EndGlobalSection
	GlobalSection(ProjectConfigurationPlatforms) = postSolution
		{E13D4BAD-4873-4FE4-AB49-6D9EDD736A3F}.Debug|Win32.ActiveCfg = Debug|Win32
		{E13D4BAD-4873-4FE4-AB49-6D9EDD736A3F}.Debug|Win32.Build.0 = Debug|Win32
		{E13D4BAD-4873-4FE4-AB49-6D9EDD736A3F}.Release|Win32.ActiveCfg = Release|Win32
		{E13D4BAD-4873-4FE4-AB49-6D9EDD736A3F}.Release|Win32.Build.0 = Release|Win32
		{84B79718-1634-4387-8256-25AE844B6AA8}.Debug|Win32.ActiveCfg = Debug|Win32
		{84B79718-1634-4387-8256-25AE844B6AA8}.Debug|Win32.Build.0 = Debug|Win32
		{84B79718-1634-4387-8256-25AE844B6AA8}.Release|Win32.ActiveCfg = Release|Win32
		{84B79718-1634-4387-8256-25AE844B6AA8}.Release|Win32.Build.0 = Release|Win32
		{3E283F37-A4ED-41B7-A3E6-A2D89D131A30}.Debug|Win32.ActiveCfg = Debug|Win32
		{3E283F37-A4ED-41B7-A3E6-A2D89D131A30}.Debug|Win32.Build.0 = Debug|Win32
		{3E283F37-A4ED-41B7-A3E6-A2D89D131A30}.Release|Win32.ActiveCfg = Release|Win32
		{3E283F37-A4ED-41B7-A3E6-A2D89D131A30}.Release|Win32.Build.0 = Release|Win32
		{B84FF31A-5F9A-46F8-AB22-DBFC9BECE3BE}.Debug|Win32.ActiveCfg = Debug|Win32
		{B84FF31A-5F9A-46F8-AB22-DBFC9BECE3BE}.Debug|Win32.Build.0 = Debug|Win32
		{B84FF31A-5F9A-46F8-AB22-DBFC9BECE3BE}.Release|Win32.ActiveCfg = Release|Win32
		{B84FF31A-5F9A-46F8-AB22-DBFC9BECE3BE}.Release|Win32.Build.0 = Release|Win32
		{1738D5F6-ED1E-47E0-B2F0-456864B93C1E}.Debug|Win32.ActiveCfg = Debug|Win32
		{1738D5F6-ED1E-47E0-B2F0-456864B93C1E}.Debug|Win32.Build.0 = Debug|Win32
		{1738D5F6-ED1E-47E0-B2F0-456864B93C1E}.Release|Win32.ActiveCfg = Release|Win32
		{1738D5F6-ED1E-47E0-B2F0-456864B93C1E}.Release|Win32.Build.0 = Release|Win32
		{44F16E90-7F63-477D-9778-CC3C3AABAA39}.Debug|Win32.ActiveCfg = Debug|Win32
		{44F16E90-7F63-477D-9778-CC3C3AABAA39}.Debug|Win32.Build.0 = Debug|Win32
		{44F16E90-7F63-477D-9778-CC3C3AABAA39}.Release|Win32.ActiveCfg = Release|Win32
		{44F16E90-7F63-477D-9778-CC3C3AABAA39}.Release|Win32.Build.0 = Release|Win32
		{E0DE20A4-4ECA-44C2-8302-B98CF6708213}.Debug|Win32.ActiveCfg = Debug|Win32
		{E0DE20A4-4ECA-44C2-8302-B98CF6708213}.Debug|Win32.Build.0 = Debug|Win32
		{E0DE20A4-4ECA-44C2-8302-B98CF6708213}.Release|Win32.ActiveCfg = Release|Win32
		{E0DE20A4-4ECA-44C2-8302-B98CF6708213}.Release|Win32.Build.0 = Release|Win32
		{5074A01D-AF0C-40E8-AA45-57E4BF0BF0C9}.Debug|Win32.ActiveCfg = Debug|Win32
		{5074A01D-AF0C-40E8-AA45-57E4BF0BF0C9}.Debug|Win32.Build.0 = Debug|Win32
		{5074A01D-AF0C-40E8-AA45-57E4BF0BF0C9}.Release|Win32.ActiveCfg = Release|Win32
		{5074A01D-AF0C-40E8-AA45-57E4BF0BF0C9}.Release|Win32.Build.0 = Release|Win32
		{CD9C8E25-26C6-4E55-A39C-BE64129C7868}.Debug|Win32.ActiveCfg = Debug|Win32
		{CD9C8E25-26C6-4E55-A39C-BE64129C7868}.Debug|Win32.Build.0 = Debug|Win32
		{CD9C8E25-26C6-4E55-A39C-BE64129C7868}.Release|Win32.ActiveCfg = Release|Win32
		{CD9C8E25-26C6-4E55-A39C-BE64129C7868}.Release|Win32.Build.0 = Release|Win32
		{8C8C1052-E683-49B0-9AF6-F46BBAFC3A63}.Debug|Win32.ActiveCfg = Debug|Win32
		{8C8C1052-E683-49B0-9AF6-F46BBAFC3A63}.Debug|Win32.Build.0 = Debug|Win32
		{8C8C1052-E683-49B0-9AF6-F46BBAFC3A63}.Release|Win32.ActiveCfg = Release|Win32
		{8C8C1052-E683-49B0-9AF6-F46BBAFC3A63}.Release|Win32.Build.0 = Release|Win32
		{02B07DC9-4725-48C3-BE48-46FADFA3465F}.Debug|Win32.ActiveCfg = Debug|Win32
		{02B07DC9-4725-48C3-BE48-46FADFA3465F}.Debug|Win32.Build.0 = Debug|Win32
		{02B07DC9-4725-48C3-BE48-46FADFA3465F}.Release|Win32.ActiveCfg = Release|Win32
		{02B07DC9-4725-48C3-BE48-46FADFA3465F}.Release|Win32.Build.0 = Release|Win32
		{4E4F77C3-4FB1-4B42-8930-407278436BB0}.Debug|Win32.ActiveCfg = Debug|Win32
		{4E4F77C3-4FB1-4B42-8930-407278436BB0}.Debug|Win32.Build.0 = Debug|Win32
		{4E4F77C3-4FB1-4B42-8930-407278436BB0}.Release|Win32.ActiveCfg = Release|Win32
		{4E4F77C3-4FB1-4B42-8930-407278436BB0}.Release|Win32.Build.0 = Release|Win32
		{64EE6174-5B5E-4C5B-965B-D93F4B6F4D04}.Debug|Win32.ActiveCfg = Debug|Win32
		{64EE6174-5B5E-4C5B-965B-D93F4B6F4D04}.Debug|Win32.Build.0 = Debug|Win32
		{64EE6174-5B5E-4C5B-965B-D93F4B6F4D04}.Release|Win32.ActiveCfg = Release|Win32
		{64EE6174-5B5E-4C5B-965B-D93F4B6F4D04}.Release|Win32.Build.0 = Release|Win32
		{D344FB66-F85E-470C-8D3D-054C1D898647}.Debug|Win32.ActiveCfg = Debug|Win32
		{D344FB66-F85E-470C-8D3D-054C1D898647}.Debug|Win32.Build.0 = Debug|Win32
		{D344FB66-F85E-470C-8D3D-054C1D898647}.Release|Win32.ActiveCfg = Release|Win32
		{D344FB66-F85E-470C-8D3D-054C1D898647}.Release|Win32.Build.0 = Release|Win32
		{327D65DE-312B-44E2-825F-8FF603EB7D8B}.Debug|Win32.ActiveCfg = Debug|Win32
		{327D65DE-312B-44E2-825F-8FF603EB7D8B}.Debug|Win32.Build.0 = Debug|Win32
		{327D65DE-312B-44E2-825F-8FF603EB7D8B}.Release|Win32.ActiveCfg = Release|Win32
		{327D65DE-312B-44E2-825F-8FF603EB7D8B}.Release|Win32.Build.0 = Release|Win32
		{870A079C-C68F-4C00-89FE-987902883BEA}.Debug|Win32.ActiveCfg = Debug|Win32
		{870A079C-C68F-4C00-89FE-987902883BEA}.Debug|Win32.Build.0 = Debug|Win32
		{870A079C-C68F-4C00-89FE-987902883BEA}.Release|Win32.ActiveCfg = Release|Win32
		{870A079C-C68F-4C00-89FE-987902883BEA}.Release|Win32.Build.0 = Release|Win32
		{3226DB06-3554-410A-A281-1D9641661314}.Debug|Win32.ActiveCfg = Debug|Win32
		{3226DB06-3554-410A-A281-1D9641661314}.Debug|Win32.Build.0 = Debug|Win32
		{3226DB06-3554-410A-A281-1D9641661314}.Release|Win32.ActiveCfg = Release|Win32
		{3226DB06-3554-410A-A281-1D9641661314}.Release|Win32.Build.0 = Release|Win32
		{C8F6C172-56F2-4E76-B5FA-C3B423B31BE8}.Debug|Win32.ActiveCfg = Debug|Win32
		{C8F6C172-56F2-4E76-B5FA-C3B423B31BE8}.Debug|Win32.Build.0 = Debug|Win32
		{C8F6C172-56F2-4E76-B5FA-C3B423B31BE8}.Release|Win32.ActiveCfg = Release|Win32
		{C8F6C172-56F2-4E76-B5FA-C3B423B31BE8}.Release|Win32.Build.0 = Release|Win32
	EndGlobalSection
	GlobalSection(SolutionProperties) = preSolution
		HideSolutionNode = FALSE
	EndGlobalSection
	GlobalSection(NestedProjects) = preSolution
		{06F5C8F9-1A24-48E8-A3B7-E924A62C4B55} = {05C351A0-74C4-4637-8501-7CA3ECF5C7EC}
		{E53D8596-E67E-46D8-A1E0-EADCF95F764A} = {05C351A0-74C4-4637-8501-7CA3ECF5C7EC}
		{07EE3298-7A05-49BF-8ACF-828A3F84AACA} = {05C351A0-74C4-4637-8501-7CA3ECF5C7EC}
		{18F57676-07A2-4F94-AEBA-0950CAF52B61} = {05C351A0-74C4-4637-8501-7CA3ECF5C7EC}
		{E46CEBF2-2D83-4E17-BC2B-AC0C87C6F76E} = {05C351A0-74C4-4637-8501-7CA3ECF5C7EC}
		{5074A01D-AF0C-40E8-AA45-57E4BF0BF0C9} = {05C351A0-74C4-4637-8501-7CA3ECF5C7EC}
		{CD9C8E25-26C6-4E55-A39C-BE64129C7868} = {06F5C8F9-1A24-48E8-A3B7-E924A62C4B55}
		{8C8C1052-E683-49B0-9AF6-F46BBAFC3A63} = {06F5C8F9-1A24-48E8-A3B7-E924A62C4B55}
		{02B07DC9-4725-48C3-BE48-46FADFA3465F} = {E53D8596-E67E-46D8-A1E0-EADCF95F764A}
		{4E4F77C3-4FB1-4B42-8930-407278436BB0} = {E53D8596-E67E-46D8-A1E0-EADCF95F764A}
		{870A079C-C68F-4C00-89FE-987902883BEA} = {07EE3298-7A05-49BF-8ACF-828A3F84AACA}
		{3226DB06-3554-410A-A281-1D9641661314} = {07EE3298-7A05-49BF-8ACF-828A3F84AACA}
		{D344FB66-F85E-470C-8D3D-054C1D898647} = {18F57676-07A2-4F94-AEBA-0950CAF52B61}
		{327D65DE-312B-44E2-825F-8FF603EB7D8B} = {18F57676-07A2-4F94-AEBA-0950CAF52B61}
		{64EE6174-5B5E-4C5B-965B-D93F4B6F4D04} = {E46CEBF2-2D83-4E17-BC2B-AC0C87C6F76E}
		{C8F6C172-56F2-4E76-B5FA-C3B423B31BE8} = {E46CEBF2-2D83-4E17-BC2B-AC0C87C6F76E}
		{B84FF31A-5F9A-46F8-AB22-DBFC9BECE3BE} = {AB6DEF12-06BA-48E2-9208-4ED7DC2662D4}
		{1738D5F6-ED1E-47E0-B2F0-456864B93C1E} = {AB6DEF12-06BA-48E2-9208-4ED7DC2662D4}
		{44F16E90-7F63-477D-9778-CC3C3AABAA39} = {4FD8C397-A85F-4857-9260-3209345C3750}
		{84B79718-1634-4387-8256-25AE844B6AA8} = {4FD8C397-A85F-4857-9260-3209345C3750}
		{E0DE20A4-4ECA-44C2-8302-B98CF6708213} = {4FD8C397-A85F-4857-9260-3209345C3750}
	EndGlobalSection
EndGlobal
