<?xml version="1.0" encoding="utf-8"?>
<Project ToolsVersion="4.0" xmlns="http://schemas.microsoft.com/developer/msbuild/2003">
  <ItemGroup>
    <Filter Include="Source Files">
      <UniqueIdentifier>{86d4a8c9-fb7e-4f8d-8bb1-2e1c1476df79}</UniqueIdentifier>
      <Extensions>cpp;c;cxx;rc;def;r;odl;idl;hpj;bat</Extensions>
    </Filter>
    <Filter Include="Header Files">
      <UniqueIdentifier>{5ea1d260-eb9f-4619-a976-31858957a329}</UniqueIdentifier>
      <Extensions>h;hpp;hxx;hm;inl</Extensions>
    </Filter>
  </ItemGroup>
  <ItemGroup>
    <ClCompile Include="Src\adler32.c">
      <Filter>Source Files</Filter>
    </ClCompile>
    <ClCompile Include="Src\compress.c">
      <Filter>Source Files</Filter>
    </ClCompile>
    <ClCompile Include="Src\crc32.c">
      <Filter>Source Files</Filter>
    </ClCompile>
    <ClCompile Include="Src\deflate.c">
      <Filter>Source Files</Filter>
    </ClCompile>
    <ClCompile Include="Src\gzclose.c">
      <Filter>Source Files</Filter>
    </ClCompile>
    <ClCompile Include="Src\gzlib.c">
      <Filter>Source Files</Filter>
    </ClCompile>
    <ClCompile Include="Src\gzread.c">
      <Filter>Source Files</Filter>
    </ClCompile>
    <ClCompile Include="Src\gzwrite.c">
      <Filter>Source Files</Filter>
    </ClCompile>
    <ClCompile Include="Src\infback.c">
      <Filter>Source Files</Filter>
    </ClCompile>
    <ClCompile Include="Src\inffast.c">
      <Filter>Source Files</Filter>
    </ClCompile>
    <ClCompile Include="Src\inflate.c">
      <Filter>Source Files</Filter>
    </ClCompile>
    <ClCompile Include="Src\inftrees.c">
      <Filter>Source Files</Filter>
    </ClCompile>
    <ClCompile Include="Src\trees.c">
      <Filter>Source Files</Filter>
    </ClCompile>
    <ClCompile Include="Src\uncompr.c">
      <Filter>Source Files</Filter>
    </ClCompile>
    <ClCompile Include="Src\zutil.c">
      <Filter>Source Files</Filter>
    </ClCompile>
  </ItemGroup>
  <ItemGroup>
    <ClInclude Include="Src\crc32.h">
      <Filter>Header Files</Filter>
    </ClInclude>
    <ClInclude Include="Src\deflate.h">
      <Filter>Header Files</Filter>
    </ClInclude>
    <ClInclude Include="Src\gzguts.h">
      <Filter>Header Files</Filter>
    </ClInclude>
    <ClInclude Include="Src\inffast.h">
      <Filter>Header Files</Filter>
    </ClInclude>
    <ClInclude Include="Src\inffixed.h">
      <Filter>Header Files</Filter>
    </ClInclude>
    <ClInclude Include="Src\inflate.h">
      <Filter>Header Files</Filter>
    </ClInclude>
    <ClInclude Include="Src\inftrees.h">
      <Filter>Header Files</Filter>
    </ClInclude>
    <ClInclude Include="Src\trees.h">
      <Filter>Header Files</Filter>
    </ClInclude>
    <ClInclude Include="Src\zlib.h">
      <Filter>Header Files</Filter>
    </ClInclude>
    <ClInclude Include="Src\zutil.h">
      <Filter>Header Files</Filter>
    </ClInclude>
  </ItemGroup>
</Project>